// !$*UTF8*$!
{
	archiveVersion = 1;
	classes = {
	};
	objectVersion = 46;
	objects = {

/* Begin PBXBuildFile section */
		FC3A20CC1CB2BA4A005D8BA3 /* AppDelegate.m in Sources */ = {isa = PBXBuildFile; fileRef = FC3A20BA1CB2BA4A005D8BA3 /* AppDelegate.m */; };
		FC3A20D01CB2BA4A005D8BA3 /* ButtonMultiplyDropDownTestViewController.m in Sources */ = {isa = PBXBuildFile; fileRef = FC3A20C11CB2BA4A005D8BA3 /* ButtonMultiplyDropDownTestViewController.m */; };
		FC3A20D11CB2BA4A005D8BA3 /* ButtonSingleDropDownTestViewController.m in Sources */ = {isa = PBXBuildFile; fileRef = FC3A20C31CB2BA4A005D8BA3 /* ButtonSingleDropDownTestViewController.m */; };
		FC3A20D21CB2BA4A005D8BA3 /* Info.plist in Resources */ = {isa = PBXBuildFile; fileRef = FC3A20C41CB2BA4A005D8BA3 /* Info.plist */; };
		FC3A20D31CB2BA4A005D8BA3 /* main.m in Sources */ = {isa = PBXBuildFile; fileRef = FC3A20C51CB2BA4A005D8BA3 /* main.m */; };
		FC3A20D41CB2BA4A005D8BA3 /* MultipleDropDownWithTagsTestViewController.m in Sources */ = {isa = PBXBuildFile; fileRef = FC3A20C71CB2BA4A005D8BA3 /* MultipleDropDownWithTagsTestViewController.m */; };
		FC3A20D51CB2BA4A005D8BA3 /* TextFieldMultiplyDropDownTestViewController.m in Sources */ = {isa = PBXBuildFile; fileRef = FC3A20C91CB2BA4A005D8BA3 /* TextFieldMultiplyDropDownTestViewController.m */; };
		FC3A20D61CB2BA4A005D8BA3 /* TextFieldSingleDropDownTestViewController.m in Sources */ = {isa = PBXBuildFile; fileRef = FC3A20CB1CB2BA4A005D8BA3 /* TextFieldSingleDropDownTestViewController.m */; };
		FC3A20F81CB2BFF5005D8BA3 /* LaunchScreen.storyboard in Resources */ = {isa = PBXBuildFile; fileRef = FC3A20F61CB2BFF5005D8BA3 /* LaunchScreen.storyboard */; };
		FC3A20F91CB2BFF5005D8BA3 /* Main.storyboard in Resources */ = {isa = PBXBuildFile; fileRef = FC3A20F71CB2BFF5005D8BA3 /* Main.storyboard */; };
		FC677C651CB3BCE000A8B329 /* icon-29.png in Resources */ = {isa = PBXBuildFile; fileRef = FC677C561CB3BCE000A8B329 /* icon-29.png */; };
		FC677C661CB3BCE000A8B329 /* icon-29@2x.png in Resources */ = {isa = PBXBuildFile; fileRef = FC677C571CB3BCE000A8B329 /* icon-29@2x.png */; };
		FC677C671CB3BCE000A8B329 /* icon-40.png in Resources */ = {isa = PBXBuildFile; fileRef = FC677C581CB3BCE000A8B329 /* icon-40.png */; };
		FC677C681CB3BCE000A8B329 /* icon-40@2x.png in Resources */ = {isa = PBXBuildFile; fileRef = FC677C591CB3BCE000A8B329 /* icon-40@2x.png */; };
		FC677C691CB3BCE000A8B329 /* icon-50.png in Resources */ = {isa = PBXBuildFile; fileRef = FC677C5A1CB3BCE000A8B329 /* icon-50.png */; };
		FC677C6A1CB3BCE000A8B329 /* icon-50@2x.png in Resources */ = {isa = PBXBuildFile; fileRef = FC677C5B1CB3BCE000A8B329 /* icon-50@2x.png */; };
		FC677C6B1CB3BCE000A8B329 /* icon-60@2x.png in Resources */ = {isa = PBXBuildFile; fileRef = FC677C5C1CB3BCE000A8B329 /* icon-60@2x.png */; };
		FC677C6C1CB3BCE000A8B329 /* icon-72.png in Resources */ = {isa = PBXBuildFile; fileRef = FC677C5D1CB3BCE000A8B329 /* icon-72.png */; };
		FC677C6D1CB3BCE000A8B329 /* icon-72@2x.png in Resources */ = {isa = PBXBuildFile; fileRef = FC677C5E1CB3BCE000A8B329 /* icon-72@2x.png */; };
		FC677C6E1CB3BCE000A8B329 /* icon-76.png in Resources */ = {isa = PBXBuildFile; fileRef = FC677C5F1CB3BCE000A8B329 /* icon-76.png */; };
		FC677C6F1CB3BCE000A8B329 /* icon-76@2x.png in Resources */ = {isa = PBXBuildFile; fileRef = FC677C601CB3BCE000A8B329 /* icon-76@2x.png */; };
		FC677C701CB3BCE000A8B329 /* icon-80.png in Resources */ = {isa = PBXBuildFile; fileRef = FC677C611CB3BCE000A8B329 /* icon-80.png */; };
		FC677C711CB3BCE000A8B329 /* icon.png in Resources */ = {isa = PBXBuildFile; fileRef = FC677C621CB3BCE000A8B329 /* icon.png */; };
		FC677C721CB3BCE000A8B329 /* icon@2x.png in Resources */ = {isa = PBXBuildFile; fileRef = FC677C631CB3BCE000A8B329 /* icon@2x.png */; };
		FC677C731CB3BCE000A8B329 /* Logo.png in Resources */ = {isa = PBXBuildFile; fileRef = FC677C641CB3BCE000A8B329 /* Logo.png */; };
		FC677CB21CB3BD7800A8B329 /* ButtonDownPicker.m in Sources */ = {isa = PBXBuildFile; fileRef = FC677C9B1CB3BD7800A8B329 /* ButtonDownPicker.m */; };
		FC677CB31CB3BD7800A8B329 /* ButtonMultiplyDownPicker.m in Sources */ = {isa = PBXBuildFile; fileRef = FC677C9E1CB3BD7800A8B329 /* ButtonMultiplyDownPicker.m */; };
		FC677CB41CB3BD7800A8B329 /* check_mark2@2x.png in Resources */ = {isa = PBXBuildFile; fileRef = FC677C9F1CB3BD7800A8B329 /* check_mark2@2x.png */; };
		FC677CB51CB3BD7800A8B329 /* check_mark@2x.png in Resources */ = {isa = PBXBuildFile; fileRef = FC677CA01CB3BD7800A8B329 /* check_mark@2x.png */; };
		FC677CB61CB3BD7800A8B329 /* done@2x.png in Resources */ = {isa = PBXBuildFile; fileRef = FC677CA11CB3BD7800A8B329 /* done@2x.png */; };
		FC677CB71CB3BD7800A8B329 /* downArrow@2x.png in Resources */ = {isa = PBXBuildFile; fileRef = FC677CA21CB3BD7800A8B329 /* downArrow@2x.png */; };
		FC677CB81CB3BD7800A8B329 /* DropDownHeaderView.m in Sources */ = {isa = PBXBuildFile; fileRef = FC677CA41CB3BD7800A8B329 /* DropDownHeaderView.m */; };
		FC677CB91CB3BD7800A8B329 /* DropDownTableViewCell.m in Sources */ = {isa = PBXBuildFile; fileRef = FC677CA61CB3BD7800A8B329 /* DropDownTableViewCell.m */; };
		FC677CBA1CB3BD7800A8B329 /* DropDownTableViewCell.xib in Resources */ = {isa = PBXBuildFile; fileRef = FC677CA71CB3BD7800A8B329 /* DropDownTableViewCell.xib */; };
		FC677CBB1CB3BD7800A8B329 /* MultipleDropDownWithTags.m in Sources */ = {isa = PBXBuildFile; fileRef = FC677CA91CB3BD7800A8B329 /* MultipleDropDownWithTags.m */; };
		FC677CBC1CB3BD7800A8B329 /* TextFieldDownPicker.m in Sources */ = {isa = PBXBuildFile; fileRef = FC677CAB1CB3BD7800A8B329 /* TextFieldDownPicker.m */; };
		FC677CBD1CB3BD7800A8B329 /* TextFieldMultiplyDownPicker.m in Sources */ = {isa = PBXBuildFile; fileRef = FC677CAE1CB3BD7800A8B329 /* TextFieldMultiplyDownPicker.m */; };
		FC677CBE1CB3BD7800A8B329 /* TLTagsControl.m in Sources */ = {isa = PBXBuildFile; fileRef = FC677CB01CB3BD7800A8B329 /* TLTagsControl.m */; };
/* End PBXBuildFile section */

/* Begin PBXFileReference section */
		62362FF11C1F181F00E097E2 /* AppusDropDown.app */ = {isa = PBXFileReference; explicitFileType = wrapper.application; includeInIndex = 0; path = AppusDropDown.app; sourceTree = BUILT_PRODUCTS_DIR; };
		FC3A20B91CB2BA4A005D8BA3 /* AppDelegate.h */ = {isa = PBXFileReference; fileEncoding = 4; lastKnownFileType = sourcecode.c.h; path = AppDelegate.h; sourceTree = "<group>"; };
		FC3A20BA1CB2BA4A005D8BA3 /* AppDelegate.m */ = {isa = PBXFileReference; fileEncoding = 4; lastKnownFileType = sourcecode.c.objc; path = AppDelegate.m; sourceTree = "<group>"; };
		FC3A20C01CB2BA4A005D8BA3 /* ButtonMultiplyDropDownTestViewController.h */ = {isa = PBXFileReference; fileEncoding = 4; lastKnownFileType = sourcecode.c.h; path = ButtonMultiplyDropDownTestViewController.h; sourceTree = "<group>"; };
		FC3A20C11CB2BA4A005D8BA3 /* ButtonMultiplyDropDownTestViewController.m */ = {isa = PBXFileReference; fileEncoding = 4; lastKnownFileType = sourcecode.c.objc; path = ButtonMultiplyDropDownTestViewController.m; sourceTree = "<group>"; };
		FC3A20C21CB2BA4A005D8BA3 /* ButtonSingleDropDownTestViewController.h */ = {isa = PBXFileReference; fileEncoding = 4; lastKnownFileType = sourcecode.c.h; path = ButtonSingleDropDownTestViewController.h; sourceTree = "<group>"; };
		FC3A20C31CB2BA4A005D8BA3 /* ButtonSingleDropDownTestViewController.m */ = {isa = PBXFileReference; fileEncoding = 4; lastKnownFileType = sourcecode.c.objc; path = ButtonSingleDropDownTestViewController.m; sourceTree = "<group>"; };
		FC3A20C41CB2BA4A005D8BA3 /* Info.plist */ = {isa = PBXFileReference; fileEncoding = 4; lastKnownFileType = text.plist.xml; path = Info.plist; sourceTree = "<group>"; };
		FC3A20C51CB2BA4A005D8BA3 /* main.m */ = {isa = PBXFileReference; fileEncoding = 4; lastKnownFileType = sourcecode.c.objc; path = main.m; sourceTree = "<group>"; };
		FC3A20C61CB2BA4A005D8BA3 /* MultipleDropDownWithTagsTestViewController.h */ = {isa = PBXFileReference; fileEncoding = 4; lastKnownFileType = sourcecode.c.h; path = MultipleDropDownWithTagsTestViewController.h; sourceTree = "<group>"; };
		FC3A20C71CB2BA4A005D8BA3 /* MultipleDropDownWithTagsTestViewController.m */ = {isa = PBXFileReference; fileEncoding = 4; lastKnownFileType = sourcecode.c.objc; path = MultipleDropDownWithTagsTestViewController.m; sourceTree = "<group>"; };
		FC3A20C81CB2BA4A005D8BA3 /* TextFieldMultiplyDropDownTestViewController.h */ = {isa = PBXFileReference; fileEncoding = 4; lastKnownFileType = sourcecode.c.h; path = TextFieldMultiplyDropDownTestViewController.h; sourceTree = "<group>"; };
		FC3A20C91CB2BA4A005D8BA3 /* TextFieldMultiplyDropDownTestViewController.m */ = {isa = PBXFileReference; fileEncoding = 4; lastKnownFileType = sourcecode.c.objc; path = TextFieldMultiplyDropDownTestViewController.m; sourceTree = "<group>"; };
		FC3A20CA1CB2BA4A005D8BA3 /* TextFieldSingleDropDownTestViewController.h */ = {isa = PBXFileReference; fileEncoding = 4; lastKnownFileType = sourcecode.c.h; path = TextFieldSingleDropDownTestViewController.h; sourceTree = "<group>"; };
		FC3A20CB1CB2BA4A005D8BA3 /* TextFieldSingleDropDownTestViewController.m */ = {isa = PBXFileReference; fileEncoding = 4; lastKnownFileType = sourcecode.c.objc; path = TextFieldSingleDropDownTestViewController.m; sourceTree = "<group>"; };
		FC3A20F61CB2BFF5005D8BA3 /* LaunchScreen.storyboard */ = {isa = PBXFileReference; fileEncoding = 4; lastKnownFileType = file.storyboard; path = LaunchScreen.storyboard; sourceTree = "<group>"; };
		FC3A20F71CB2BFF5005D8BA3 /* Main.storyboard */ = {isa = PBXFileReference; fileEncoding = 4; lastKnownFileType = file.storyboard; path = Main.storyboard; sourceTree = "<group>"; };
		FC677C561CB3BCE000A8B329 /* icon-29.png */ = {isa = PBXFileReference; lastKnownFileType = image.png; path = "icon-29.png"; sourceTree = "<group>"; };
		FC677C571CB3BCE000A8B329 /* icon-29@2x.png */ = {isa = PBXFileReference; lastKnownFileType = image.png; path = "icon-29@2x.png"; sourceTree = "<group>"; };
		FC677C581CB3BCE000A8B329 /* icon-40.png */ = {isa = PBXFileReference; lastKnownFileType = image.png; path = "icon-40.png"; sourceTree = "<group>"; };
		FC677C591CB3BCE000A8B329 /* icon-40@2x.png */ = {isa = PBXFileReference; lastKnownFileType = image.png; path = "icon-40@2x.png"; sourceTree = "<group>"; };
		FC677C5A1CB3BCE000A8B329 /* icon-50.png */ = {isa = PBXFileReference; lastKnownFileType = image.png; path = "icon-50.png"; sourceTree = "<group>"; };
		FC677C5B1CB3BCE000A8B329 /* icon-50@2x.png */ = {isa = PBXFileReference; lastKnownFileType = image.png; path = "icon-50@2x.png"; sourceTree = "<group>"; };
		FC677C5C1CB3BCE000A8B329 /* icon-60@2x.png */ = {isa = PBXFileReference; lastKnownFileType = image.png; path = "icon-60@2x.png"; sourceTree = "<group>"; };
		FC677C5D1CB3BCE000A8B329 /* icon-72.png */ = {isa = PBXFileReference; lastKnownFileType = image.png; path = "icon-72.png"; sourceTree = "<group>"; };
		FC677C5E1CB3BCE000A8B329 /* icon-72@2x.png */ = {isa = PBXFileReference; lastKnownFileType = image.png; path = "icon-72@2x.png"; sourceTree = "<group>"; };
		FC677C5F1CB3BCE000A8B329 /* icon-76.png */ = {isa = PBXFileReference; lastKnownFileType = image.png; path = "icon-76.png"; sourceTree = "<group>"; };
		FC677C601CB3BCE000A8B329 /* icon-76@2x.png */ = {isa = PBXFileReference; lastKnownFileType = image.png; path = "icon-76@2x.png"; sourceTree = "<group>"; };
		FC677C611CB3BCE000A8B329 /* icon-80.png */ = {isa = PBXFileReference; lastKnownFileType = image.png; path = "icon-80.png"; sourceTree = "<group>"; };
		FC677C621CB3BCE000A8B329 /* icon.png */ = {isa = PBXFileReference; lastKnownFileType = image.png; path = icon.png; sourceTree = "<group>"; };
		FC677C631CB3BCE000A8B329 /* icon@2x.png */ = {isa = PBXFileReference; lastKnownFileType = image.png; path = "icon@2x.png"; sourceTree = "<group>"; };
		FC677C641CB3BCE000A8B329 /* Logo.png */ = {isa = PBXFileReference; lastKnownFileType = image.png; path = Logo.png; sourceTree = "<group>"; };
		FC677C9A1CB3BD7800A8B329 /* ButtonDownPicker.h */ = {isa = PBXFileReference; fileEncoding = 4; lastKnownFileType = sourcecode.c.h; path = ButtonDownPicker.h; sourceTree = "<group>"; };
		FC677C9B1CB3BD7800A8B329 /* ButtonDownPicker.m */ = {isa = PBXFileReference; fileEncoding = 4; lastKnownFileType = sourcecode.c.objc; path = ButtonDownPicker.m; sourceTree = "<group>"; };
		FC677C9C1CB3BD7800A8B329 /* ButtonDownPickerProtected.h */ = {isa = PBXFileReference; fileEncoding = 4; lastKnownFileType = sourcecode.c.h; path = ButtonDownPickerProtected.h; sourceTree = "<group>"; };
		FC677C9D1CB3BD7800A8B329 /* ButtonMultiplyDownPicker.h */ = {isa = PBXFileReference; fileEncoding = 4; lastKnownFileType = sourcecode.c.h; path = ButtonMultiplyDownPicker.h; sourceTree = "<group>"; };
		FC677C9E1CB3BD7800A8B329 /* ButtonMultiplyDownPicker.m */ = {isa = PBXFileReference; fileEncoding = 4; lastKnownFileType = sourcecode.c.objc; path = ButtonMultiplyDownPicker.m; sourceTree = "<group>"; };
		FC677C9F1CB3BD7800A8B329 /* check_mark2@2x.png */ = {isa = PBXFileReference; lastKnownFileType = image.png; path = "check_mark2@2x.png"; sourceTree = "<group>"; };
		FC677CA01CB3BD7800A8B329 /* check_mark@2x.png */ = {isa = PBXFileReference; lastKnownFileType = image.png; path = "check_mark@2x.png"; sourceTree = "<group>"; };
		FC677CA11CB3BD7800A8B329 /* done@2x.png */ = {isa = PBXFileReference; lastKnownFileType = image.png; path = "done@2x.png"; sourceTree = "<group>"; };
		FC677CA21CB3BD7800A8B329 /* downArrow@2x.png */ = {isa = PBXFileReference; lastKnownFileType = image.png; path = "downArrow@2x.png"; sourceTree = "<group>"; };
		FC677CA31CB3BD7800A8B329 /* DropDownHeaderView.h */ = {isa = PBXFileReference; fileEncoding = 4; lastKnownFileType = sourcecode.c.h; path = DropDownHeaderView.h; sourceTree = "<group>"; };
		FC677CA41CB3BD7800A8B329 /* DropDownHeaderView.m */ = {isa = PBXFileReference; fileEncoding = 4; lastKnownFileType = sourcecode.c.objc; path = DropDownHeaderView.m; sourceTree = "<group>"; };
		FC677CA51CB3BD7800A8B329 /* DropDownTableViewCell.h */ = {isa = PBXFileReference; fileEncoding = 4; lastKnownFileType = sourcecode.c.h; path = DropDownTableViewCell.h; sourceTree = "<group>"; };
		FC677CA61CB3BD7800A8B329 /* DropDownTableViewCell.m */ = {isa = PBXFileReference; fileEncoding = 4; lastKnownFileType = sourcecode.c.objc; path = DropDownTableViewCell.m; sourceTree = "<group>"; };
		FC677CA71CB3BD7800A8B329 /* DropDownTableViewCell.xib */ = {isa = PBXFileReference; fileEncoding = 4; lastKnownFileType = file.xib; path = DropDownTableViewCell.xib; sourceTree = "<group>"; };
		FC677CA81CB3BD7800A8B329 /* MultipleDropDownWithTags.h */ = {isa = PBXFileReference; fileEncoding = 4; lastKnownFileType = sourcecode.c.h; path = MultipleDropDownWithTags.h; sourceTree = "<group>"; };
		FC677CA91CB3BD7800A8B329 /* MultipleDropDownWithTags.m */ = {isa = PBXFileReference; fileEncoding = 4; lastKnownFileType = sourcecode.c.objc; path = MultipleDropDownWithTags.m; sourceTree = "<group>"; };
		FC677CAA1CB3BD7800A8B329 /* TextFieldDownPicker.h */ = {isa = PBXFileReference; fileEncoding = 4; lastKnownFileType = sourcecode.c.h; path = TextFieldDownPicker.h; sourceTree = "<group>"; };
		FC677CAB1CB3BD7800A8B329 /* TextFieldDownPicker.m */ = {isa = PBXFileReference; fileEncoding = 4; lastKnownFileType = sourcecode.c.objc; path = TextFieldDownPicker.m; sourceTree = "<group>"; };
		FC677CAC1CB3BD7800A8B329 /* TextFieldDownPickerProtected.h */ = {isa = PBXFileReference; fileEncoding = 4; lastKnownFileType = sourcecode.c.h; path = TextFieldDownPickerProtected.h; sourceTree = "<group>"; };
		FC677CAD1CB3BD7800A8B329 /* TextFieldMultiplyDownPicker.h */ = {isa = PBXFileReference; fileEncoding = 4; lastKnownFileType = sourcecode.c.h; path = TextFieldMultiplyDownPicker.h; sourceTree = "<group>"; };
		FC677CAE1CB3BD7800A8B329 /* TextFieldMultiplyDownPicker.m */ = {isa = PBXFileReference; fileEncoding = 4; lastKnownFileType = sourcecode.c.objc; path = TextFieldMultiplyDownPicker.m; sourceTree = "<group>"; };
		FC677CAF1CB3BD7800A8B329 /* TLTagsControl.h */ = {isa = PBXFileReference; fileEncoding = 4; lastKnownFileType = sourcecode.c.h; path = TLTagsControl.h; sourceTree = "<group>"; };
		FC677CB01CB3BD7800A8B329 /* TLTagsControl.m */ = {isa = PBXFileReference; fileEncoding = 4; lastKnownFileType = sourcecode.c.objc; path = TLTagsControl.m; sourceTree = "<group>"; };
		FC677CB11CB3BD7800A8B329 /* TLTagsControlProtected.h */ = {isa = PBXFileReference; fileEncoding = 4; lastKnownFileType = sourcecode.c.h; path = TLTagsControlProtected.h; sourceTree = "<group>"; };
/* End PBXFileReference section */

/* Begin PBXFrameworksBuildPhase section */
		62362FEE1C1F181F00E097E2 /* Frameworks */ = {
			isa = PBXFrameworksBuildPhase;
			buildActionMask = 2147483647;
			files = (
			);
			runOnlyForDeploymentPostprocessing = 0;
		};
/* End PBXFrameworksBuildPhase section */

/* Begin PBXGroup section */
		62362FE81C1F181F00E097E2 = {
			isa = PBXGroup;
			children = (
				FC3A20B81CB2BA4A005D8BA3 /* AppusDropDown */,
				62362FF21C1F181F00E097E2 /* Products */,
			);
			sourceTree = "<group>";
		};
		62362FF21C1F181F00E097E2 /* Products */ = {
			isa = PBXGroup;
			children = (
				62362FF11C1F181F00E097E2 /* AppusDropDown.app */,
			);
			name = Products;
			sourceTree = "<group>";
		};
		FC3A20B81CB2BA4A005D8BA3 /* AppusDropDown */ = {
			isa = PBXGroup;
			children = (
				FC677C991CB3BD7800A8B329 /* Source */,
				FC677C551CB3BCE000A8B329 /* Resources */,
				FC3A20F61CB2BFF5005D8BA3 /* LaunchScreen.storyboard */,
				FC3A20F71CB2BFF5005D8BA3 /* Main.storyboard */,
				FC3A20B91CB2BA4A005D8BA3 /* AppDelegate.h */,
				FC3A20BA1CB2BA4A005D8BA3 /* AppDelegate.m */,
				FC3A20C01CB2BA4A005D8BA3 /* ButtonMultiplyDropDownTestViewController.h */,
				FC3A20C11CB2BA4A005D8BA3 /* ButtonMultiplyDropDownTestViewController.m */,
				FC3A20C21CB2BA4A005D8BA3 /* ButtonSingleDropDownTestViewController.h */,
				FC3A20C31CB2BA4A005D8BA3 /* ButtonSingleDropDownTestViewController.m */,
				FC3A20C41CB2BA4A005D8BA3 /* Info.plist */,
				FC3A20C51CB2BA4A005D8BA3 /* main.m */,
				FC3A20C61CB2BA4A005D8BA3 /* MultipleDropDownWithTagsTestViewController.h */,
				FC3A20C71CB2BA4A005D8BA3 /* MultipleDropDownWithTagsTestViewController.m */,
				FC3A20C81CB2BA4A005D8BA3 /* TextFieldMultiplyDropDownTestViewController.h */,
				FC3A20C91CB2BA4A005D8BA3 /* TextFieldMultiplyDropDownTestViewController.m */,
				FC3A20CA1CB2BA4A005D8BA3 /* TextFieldSingleDropDownTestViewController.h */,
				FC3A20CB1CB2BA4A005D8BA3 /* TextFieldSingleDropDownTestViewController.m */,
			);
			name = AppusDropDown;
			path = ../../../../Feather52/Desktop/Work/AppusDropDownGit/AppusDropDown;
			sourceTree = "<group>";
		};
		FC677C551CB3BCE000A8B329 /* Resources */ = {
			isa = PBXGroup;
			children = (
				FC677C561CB3BCE000A8B329 /* icon-29.png */,
				FC677C571CB3BCE000A8B329 /* icon-29@2x.png */,
				FC677C581CB3BCE000A8B329 /* icon-40.png */,
				FC677C591CB3BCE000A8B329 /* icon-40@2x.png */,
				FC677C5A1CB3BCE000A8B329 /* icon-50.png */,
				FC677C5B1CB3BCE000A8B329 /* icon-50@2x.png */,
				FC677C5C1CB3BCE000A8B329 /* icon-60@2x.png */,
				FC677C5D1CB3BCE000A8B329 /* icon-72.png */,
				FC677C5E1CB3BCE000A8B329 /* icon-72@2x.png */,
				FC677C5F1CB3BCE000A8B329 /* icon-76.png */,
				FC677C601CB3BCE000A8B329 /* icon-76@2x.png */,
				FC677C611CB3BCE000A8B329 /* icon-80.png */,
				FC677C621CB3BCE000A8B329 /* icon.png */,
				FC677C631CB3BCE000A8B329 /* icon@2x.png */,
				FC677C641CB3BCE000A8B329 /* Logo.png */,
			);
			path = Resources;
			sourceTree = "<group>";
		};
		FC677C991CB3BD7800A8B329 /* Source */ = {
			isa = PBXGroup;
			children = (
				FC677C9A1CB3BD7800A8B329 /* ButtonDownPicker.h */,
				FC677C9B1CB3BD7800A8B329 /* ButtonDownPicker.m */,
				FC677C9C1CB3BD7800A8B329 /* ButtonDownPickerProtected.h */,
				FC677C9D1CB3BD7800A8B329 /* ButtonMultiplyDownPicker.h */,
				FC677C9E1CB3BD7800A8B329 /* ButtonMultiplyDownPicker.m */,
				FC677C9F1CB3BD7800A8B329 /* check_mark2@2x.png */,
				FC677CA01CB3BD7800A8B329 /* check_mark@2x.png */,
				FC677CA11CB3BD7800A8B329 /* done@2x.png */,
				FC677CA21CB3BD7800A8B329 /* downArrow@2x.png */,
				FC677CA31CB3BD7800A8B329 /* DropDownHeaderView.h */,
				FC677CA41CB3BD7800A8B329 /* DropDownHeaderView.m */,
				FC677CA51CB3BD7800A8B329 /* DropDownTableViewCell.h */,
				FC677CA61CB3BD7800A8B329 /* DropDownTableViewCell.m */,
				FC677CA71CB3BD7800A8B329 /* DropDownTableViewCell.xib */,
				FC677CA81CB3BD7800A8B329 /* MultipleDropDownWithTags.h */,
				FC677CA91CB3BD7800A8B329 /* MultipleDropDownWithTags.m */,
				FC677CAA1CB3BD7800A8B329 /* TextFieldDownPicker.h */,
				FC677CAB1CB3BD7800A8B329 /* TextFieldDownPicker.m */,
				FC677CAC1CB3BD7800A8B329 /* TextFieldDownPickerProtected.h */,
				FC677CAD1CB3BD7800A8B329 /* TextFieldMultiplyDownPicker.h */,
				FC677CAE1CB3BD7800A8B329 /* TextFieldMultiplyDownPicker.m */,
				FC677CAF1CB3BD7800A8B329 /* TLTagsControl.h */,
				FC677CB01CB3BD7800A8B329 /* TLTagsControl.m */,
				FC677CB11CB3BD7800A8B329 /* TLTagsControlProtected.h */,
			);
			name = Source;
			path = ../Source;
			sourceTree = "<group>";
		};
/* End PBXGroup section */

/* Begin PBXNativeTarget section */
		62362FF01C1F181F00E097E2 /* AppusDropDown */ = {
			isa = PBXNativeTarget;
			buildConfigurationList = 623630081C1F181F00E097E2 /* Build configuration list for PBXNativeTarget "AppusDropDown" */;
			buildPhases = (
				62362FED1C1F181F00E097E2 /* Sources */,
				62362FEE1C1F181F00E097E2 /* Frameworks */,
				62362FEF1C1F181F00E097E2 /* Resources */,
			);
			buildRules = (
			);
			dependencies = (
			);
			name = AppusDropDown;
			productName = DropDown;
			productReference = 62362FF11C1F181F00E097E2 /* AppusDropDown.app */;
			productType = "com.apple.product-type.application";
		};
/* End PBXNativeTarget section */

/* Begin PBXProject section */
		62362FE91C1F181F00E097E2 /* Project object */ = {
			isa = PBXProject;
			attributes = {
				LastUpgradeCheck = 0700;
				ORGANIZATIONNAME = "Simon Kostenko";
				TargetAttributes = {
					62362FF01C1F181F00E097E2 = {
						CreatedOnToolsVersion = 7.0;
					};
				};
			};
			buildConfigurationList = 62362FEC1C1F181F00E097E2 /* Build configuration list for PBXProject "AppusDropDown" */;
			compatibilityVersion = "Xcode 3.2";
			developmentRegion = English;
			hasScannedForEncodings = 0;
			knownRegions = (
				en,
				Base,
			);
			mainGroup = 62362FE81C1F181F00E097E2;
			productRefGroup = 62362FF21C1F181F00E097E2 /* Products */;
			projectDirPath = "";
			projectRoot = "";
			targets = (
				62362FF01C1F181F00E097E2 /* AppusDropDown */,
			);
		};
/* End PBXProject section */

/* Begin PBXResourcesBuildPhase section */
		62362FEF1C1F181F00E097E2 /* Resources */ = {
			isa = PBXResourcesBuildPhase;
			buildActionMask = 2147483647;
			files = (
				FC677C701CB3BCE000A8B329 /* icon-80.png in Resources */,
				FC677C6B1CB3BCE000A8B329 /* icon-60@2x.png in Resources */,
				FC677CB51CB3BD7800A8B329 /* check_mark@2x.png in Resources */,
				FC677C6F1CB3BCE000A8B329 /* icon-76@2x.png in Resources */,
				FC677C6A1CB3BCE000A8B329 /* icon-50@2x.png in Resources */,
				FC677C651CB3BCE000A8B329 /* icon-29.png in Resources */,
				FC3A20D21CB2BA4A005D8BA3 /* Info.plist in Resources */,
				FC677CB61CB3BD7800A8B329 /* done@2x.png in Resources */,
				FC677C711CB3BCE000A8B329 /* icon.png in Resources */,
				FC677CBA1CB3BD7800A8B329 /* DropDownTableViewCell.xib in Resources */,
				FC3A20F81CB2BFF5005D8BA3 /* LaunchScreen.storyboard in Resources */,
				FC677C681CB3BCE000A8B329 /* icon-40@2x.png in Resources */,
				FC3A20F91CB2BFF5005D8BA3 /* Main.storyboard in Resources */,
				FC677C661CB3BCE000A8B329 /* icon-29@2x.png in Resources */,
				FC677C671CB3BCE000A8B329 /* icon-40.png in Resources */,
				FC677C6C1CB3BCE000A8B329 /* icon-72.png in Resources */,
				FC677C691CB3BCE000A8B329 /* icon-50.png in Resources */,
				FC677CB71CB3BD7800A8B329 /* downArrow@2x.png in Resources */,
				FC677C6D1CB3BCE000A8B329 /* icon-72@2x.png in Resources */,
				FC677C731CB3BCE000A8B329 /* Logo.png in Resources */,
				FC677C6E1CB3BCE000A8B329 /* icon-76.png in Resources */,
				FC677CB41CB3BD7800A8B329 /* check_mark2@2x.png in Resources */,
				FC677C721CB3BCE000A8B329 /* icon@2x.png in Resources */,
			);
			runOnlyForDeploymentPostprocessing = 0;
		};
/* End PBXResourcesBuildPhase section */

/* Begin PBXSourcesBuildPhase section */
		62362FED1C1F181F00E097E2 /* Sources */ = {
			isa = PBXSourcesBuildPhase;
			buildActionMask = 2147483647;
			files = (
				FC677CBE1CB3BD7800A8B329 /* TLTagsControl.m in Sources */,
				FC677CB91CB3BD7800A8B329 /* DropDownTableViewCell.m in Sources */,
				FC3A20CC1CB2BA4A005D8BA3 /* AppDelegate.m in Sources */,
				FC3A20D51CB2BA4A005D8BA3 /* TextFieldMultiplyDropDownTestViewController.m in Sources */,
				FC3A20D41CB2BA4A005D8BA3 /* MultipleDropDownWithTagsTestViewController.m in Sources */,
				FC3A20D11CB2BA4A005D8BA3 /* ButtonSingleDropDownTestViewController.m in Sources */,
				FC677CBB1CB3BD7800A8B329 /* MultipleDropDownWithTags.m in Sources */,
				FC3A20D61CB2BA4A005D8BA3 /* TextFieldSingleDropDownTestViewController.m in Sources */,
				FC3A20D31CB2BA4A005D8BA3 /* main.m in Sources */,
				FC677CB81CB3BD7800A8B329 /* DropDownHeaderView.m in Sources */,
				FC677CBD1CB3BD7800A8B329 /* TextFieldMultiplyDownPicker.m in Sources */,
				FC677CB31CB3BD7800A8B329 /* ButtonMultiplyDownPicker.m in Sources */,
				FC677CBC1CB3BD7800A8B329 /* TextFieldDownPicker.m in Sources */,
				FC3A20D01CB2BA4A005D8BA3 /* ButtonMultiplyDropDownTestViewController.m in Sources */,
				FC677CB21CB3BD7800A8B329 /* ButtonDownPicker.m in Sources */,
			);
			runOnlyForDeploymentPostprocessing = 0;
		};
/* End PBXSourcesBuildPhase section */

/* Begin XCBuildConfiguration section */
		623630061C1F181F00E097E2 /* Debug */ = {
			isa = XCBuildConfiguration;
			buildSettings = {
				ALWAYS_SEARCH_USER_PATHS = NO;
				CLANG_CXX_LANGUAGE_STANDARD = "gnu++0x";
				CLANG_CXX_LIBRARY = "libc++";
				CLANG_ENABLE_MODULES = YES;
				CLANG_ENABLE_OBJC_ARC = YES;
				CLANG_WARN_BOOL_CONVERSION = YES;
				CLANG_WARN_CONSTANT_CONVERSION = YES;
				CLANG_WARN_DIRECT_OBJC_ISA_USAGE = YES_ERROR;
				CLANG_WARN_EMPTY_BODY = YES;
				CLANG_WARN_ENUM_CONVERSION = YES;
				CLANG_WARN_INT_CONVERSION = YES;
				CLANG_WARN_OBJC_ROOT_CLASS = YES_ERROR;
				CLANG_WARN_UNREACHABLE_CODE = YES;
				CLANG_WARN__DUPLICATE_METHOD_MATCH = YES;
				"CODE_SIGN_IDENTITY[sdk=iphoneos*]" = "iPhone Developer";
				COPY_PHASE_STRIP = NO;
				DEBUG_INFORMATION_FORMAT = dwarf;
				ENABLE_STRICT_OBJC_MSGSEND = YES;
				ENABLE_TESTABILITY = YES;
				GCC_C_LANGUAGE_STANDARD = gnu99;
				GCC_DYNAMIC_NO_PIC = NO;
				GCC_NO_COMMON_BLOCKS = YES;
				GCC_OPTIMIZATION_LEVEL = 0;
				GCC_PREPROCESSOR_DEFINITIONS = (
					"DEBUG=1",
					"$(inherited)",
				);
				GCC_WARN_64_TO_32_BIT_CONVERSION = YES;
				GCC_WARN_ABOUT_RETURN_TYPE = YES_ERROR;
				GCC_WARN_UNDECLARED_SELECTOR = YES;
				GCC_WARN_UNINITIALIZED_AUTOS = YES_AGGRESSIVE;
				GCC_WARN_UNUSED_FUNCTION = YES;
				GCC_WARN_UNUSED_VARIABLE = YES;
				IPHONEOS_DEPLOYMENT_TARGET = 8.0;
				MTL_ENABLE_DEBUG_INFO = YES;
				ONLY_ACTIVE_ARCH = YES;
				SDKROOT = iphoneos;
				TARGETED_DEVICE_FAMILY = "1,2";
			};
			name = Debug;
		};
		623630071C1F181F00E097E2 /* Release */ = {
			isa = XCBuildConfiguration;
			buildSettings = {
				ALWAYS_SEARCH_USER_PATHS = NO;
				CLANG_CXX_LANGUAGE_STANDARD = "gnu++0x";
				CLANG_CXX_LIBRARY = "libc++";
				CLANG_ENABLE_MODULES = YES;
				CLANG_ENABLE_OBJC_ARC = YES;
				CLANG_WARN_BOOL_CONVERSION = YES;
				CLANG_WARN_CONSTANT_CONVERSION = YES;
				CLANG_WARN_DIRECT_OBJC_ISA_USAGE = YES_ERROR;
				CLANG_WARN_EMPTY_BODY = YES;
				CLANG_WARN_ENUM_CONVERSION = YES;
				CLANG_WARN_INT_CONVERSION = YES;
				CLANG_WARN_OBJC_ROOT_CLASS = YES_ERROR;
				CLANG_WARN_UNREACHABLE_CODE = YES;
				CLANG_WARN__DUPLICATE_METHOD_MATCH = YES;
				"CODE_SIGN_IDENTITY[sdk=iphoneos*]" = "iPhone Developer";
				COPY_PHASE_STRIP = NO;
				DEBUG_INFORMATION_FORMAT = "dwarf-with-dsym";
				ENABLE_NS_ASSERTIONS = NO;
				ENABLE_STRICT_OBJC_MSGSEND = YES;
				GCC_C_LANGUAGE_STANDARD = gnu99;
				GCC_NO_COMMON_BLOCKS = YES;
				GCC_WARN_64_TO_32_BIT_CONVERSION = YES;
				GCC_WARN_ABOUT_RETURN_TYPE = YES_ERROR;
				GCC_WARN_UNDECLARED_SELECTOR = YES;
				GCC_WARN_UNINITIALIZED_AUTOS = YES_AGGRESSIVE;
				GCC_WARN_UNUSED_FUNCTION = YES;
				GCC_WARN_UNUSED_VARIABLE = YES;
				IPHONEOS_DEPLOYMENT_TARGET = 8.0;
				MTL_ENABLE_DEBUG_INFO = NO;
				SDKROOT = iphoneos;
				TARGETED_DEVICE_FAMILY = "1,2";
				VALIDATE_PRODUCT = YES;
			};
			name = Release;
		};
		623630091C1F181F00E097E2 /* Debug */ = {
			isa = XCBuildConfiguration;
			buildSettings = {
				CODE_SIGN_IDENTITY = "iPhone Developer";
				INFOPLIST_FILE = AppusDropDown/Info.plist;
				IPHONEOS_DEPLOYMENT_TARGET = 8.0;
				LD_RUNPATH_SEARCH_PATHS = "$(inherited) @executable_path/Frameworks";
				PRODUCT_BUNDLE_IDENTIFIER = com.appus.DropDown;
				PRODUCT_NAME = AppusDropDown;
				PROVISIONING_PROFILE = "";
			};
			name = Debug;
		};
		6236300A1C1F181F00E097E2 /* Release */ = {
			isa = XCBuildConfiguration;
			buildSettings = {
				CODE_SIGN_IDENTITY = "iPhone Developer";
				INFOPLIST_FILE = AppusDropDown/Info.plist;
				IPHONEOS_DEPLOYMENT_TARGET = 8.0;
				LD_RUNPATH_SEARCH_PATHS = "$(inherited) @executable_path/Frameworks";
				PRODUCT_BUNDLE_IDENTIFIER = com.appus.DropDown;
				PRODUCT_NAME = AppusDropDown;
				PROVISIONING_PROFILE = "";
			};
			name = Release;
		};
/* End XCBuildConfiguration section */

/* Begin XCConfigurationList section */
		62362FEC1C1F181F00E097E2 /* Build configuration list for PBXProject "AppusDropDown" */ = {
			isa = XCConfigurationList;
			buildConfigurations = (
				623630061C1F181F00E097E2 /* Debug */,
				623630071C1F181F00E097E2 /* Release */,
			);
			defaultConfigurationIsVisible = 0;
			defaultConfigurationName = Release;
		};
		623630081C1F181F00E097E2 /* Build configuration list for PBXNativeTarget "AppusDropDown" */ = {
			isa = XCConfigurationList;
			buildConfigurations = (
				623630091C1F181F00E097E2 /* Debug */,
				6236300A1C1F181F00E097E2 /* Release */,
			);
			defaultConfigurationIsVisible = 0;
			defaultConfigurationName = Release;
		};
/* End XCConfigurationList section */
	};
	rootObject = 62362FE91C1F181F00E097E2 /* Project object */;
}
